// !$*UTF8*$!
{
	archiveVersion = 1;
	classes = {
	};
	objectVersion = 110;
	objects = {

/* Begin PBXContainerItemProxy section */
		3ADB7BFC3061659D0055E1C7 /* PBXContainerItemProxy */ = {
			isa = PBXContainerItemProxy;
			containerPortal = 3ADB7BE63061659B0055E1C7 /* Project object */;
			proxyType = 1;
			remoteGlobalIDString = 3ADB7BED3061659B0055E1C7;
			remoteInfo = Notate;
		};
		3ADB7C063061659D0055E1C7 /* PBXContainerItemProxy */ = {
			isa = PBXContainerItemProxy;
			containerPortal = 3ADB7BE63061659B0055E1C7 /* Project object */;
			proxyType = 1;
			remoteGlobalIDString = 3ADB7BED3061659B0055E1C7;
			remoteInfo = Notate;
		};
/* End PBXContainerItemProxy section */

/* Begin PBXFileReference section */
		3ADB7BEE3061659B0055E1C7 /* Notate.app */ = {isa = PBXFileReference; explicitFileType = wrapper.application; includeInIndex = 0; path = Notate.app; sourceTree = BUILT_PRODUCTS_DIR; };
		3ADB7BFB3061659D0055E1C7 /* NotateTests.xctest */ = {isa = PBXFileReference; explicitFileType = wrapper.cfbundle; includeInIndex = 0; path = NotateTests.xctest; sourceTree = BUILT_PRODUCTS_DIR; };
		3ADB7C053061659D0055E1C7 /* NotateUITests.xctest */ = {isa = PBXFileReference; explicitFileType = wrapper.cfbundle; includeInIndex = 0; path = NotateUITests.xctest; sourceTree = BUILT_PRODUCTS_DIR; };
/* End PBXFileReference section */

/* Begin PBXFileSystemSynchronizedRootGroup section */
		3ADB7BF03061659B0055E1C7 /* Notate */ = {
			isa = PBXFileSystemSynchronizedRootGroup;
			path = Notate;
			sourceTree = "<group>";
		};
		3ADB7BFE3061659D0055E1C7 /* NotateTests */ = {
			isa = PBXFileSystemSynchronizedRootGroup;
			path = NotateTests;
			sourceTree = "<group>";
		};
		3ADB7C083061659D0055E1C7 /* NotateUITests */ = {
			isa = PBXFileSystemSynchronizedRootGroup;
			path = NotateUITests;
			sourceTree = "<group>";
		};
/* End PBXFileSystemSynchronizedRootGroup section */

/* Begin PBXFrameworksBuildPhase section */
		3ADB7BEB3061659B0055E1C7 /* Frameworks */ = {
			isa = PBXFrameworksBuildPhase;
			files = (
			);
		};
		3ADB7BF83061659D0055E1C7 /* Frameworks */ = {
			isa = PBXFrameworksBuildPhase;
			files = (
			);
		};
		3ADB7C023061659D0055E1C7 /* Frameworks */ = {
			isa = PBXFrameworksBuildPhase;
			files = (
			);
		};
/* End PBXFrameworksBuildPhase section */

/* Begin PBXGroup section */
		3ADB7BE53061659B0055E1C7 = {
			isa = PBXGroup;
			children = (
				3ADB7BF03061659B0055E1C7 /* Notate */,
				3ADB7BFE3061659D0055E1C7 /* NotateTests */,
				3ADB7C083061659D0055E1C7 /* NotateUITests */,
				3ADB7BEF3061659B0055E1C7 /* Products */,
			);
			sourceTree = "<group>";
		};
		3ADB7BEF3061659B0055E1C7 /* Products */ = {
			isa = PBXGroup;
			children = (
				3ADB7BEE3061659B0055E1C7 /* Notate.app */,
				3ADB7BFB3061659D0055E1C7 /* NotateTests.xctest */,
				3ADB7C053061659D0055E1C7 /* NotateUITests.xctest */,
			);
			name = Products;
			sourceTree = "<group>";
		};
/* End PBXGroup section */

/* Begin PBXNativeTarget section */
		3ADB7BED3061659B0055E1C7 /* Notate */ = {
			isa = PBXNativeTarget;
			buildConfigurationList = 3ADB7C0D3061659D0055E1C7 /* Build configuration list for PBXNativeTarget "Notate" */;
			buildPhases = (
				3ADB7BEA3061659B0055E1C7 /* Sources */,
				3ADB7BEB3061659B0055E1C7 /* Frameworks */,
				3ADB7BEC3061659B0055E1C7 /* Resources */,
			);
			buildRules = (
			);
			fileSystemSynchronizedGroups = (
				3ADB7BF03061659B0055E1C7 /* Notate */,
			);
			name = Notate;
			productName = Notate;
			productReference = 3ADB7BEE3061659B0055E1C7 /* Notate.app */;
			productType = "com.apple.product-type.application";
		};
		3ADB7BFA3061659D0055E1C7 /* NotateTests */ = {
			isa = PBXNativeTarget;
			buildConfigurationList = 3ADB7C103061659D0055E1C7 /* Build configuration list for PBXNativeTarget "NotateTests" */;
			buildPhases = (
				3ADB7BF73061659D0055E1C7 /* Sources */,
				3ADB7BF83061659D0055E1C7 /* Frameworks */,
				3ADB7BF93061659D0055E1C7 /* Resources */,
			);
			buildRules = (
			);
			dependencies = (
				3ADB7BFD3061659D0055E1C7 /* PBXTargetDependency */,
			);
			fileSystemSynchronizedGroups = (
				3ADB7BFE3061659D0055E1C7 /* NotateTests */,
			);
			name = NotateTests;
			productName = NotateTests;
			productReference = 3ADB7BFB3061659D0055E1C7 /* NotateTests.xctest */;
			productType = "com.apple.product-type.bundle.unit-test";
		};
		3ADB7C043061659D0055E1C7 /* NotateUITests */ = {
			isa = PBXNativeTarget;
			buildConfigurationList = 3ADB7C133061659D0055E1C7 /* Build configuration list for PBXNativeTarget "NotateUITests" */;
			buildPhases = (
				3ADB7C013061659D0055E1C7 /* Sources */,
				3ADB7C023061659D0055E1C7 /* Frameworks */,
				3ADB7C033061659D0055E1C7 /* Resources */,
			);
			buildRules = (
			);
			dependencies = (
				3ADB7C073061659D0055E1C7 /* PBXTargetDependency */,
			);
			fileSystemSynchronizedGroups = (
				3ADB7C083061659D0055E1C7 /* NotateUITests */,
			);
			name = NotateUITests;
			productName = NotateUITests;
			productReference = 3ADB7C053061659D0055E1C7 /* NotateUITests.xctest */;
			productType = "com.apple.product-type.bundle.ui-testing";
		};
/* End PBXNativeTarget section */

/* Begin PBXProject section */
		3ADB7BE63061659B0055E1C7 /* Project object */ = {
			isa = PBXProject;
			attributes = {
				BuildIndependentTargetsInParallel = 1;
				LastSwiftUpdateCheck = 2700;
				LastUpgradeCheck = 2700;
				TargetAttributes = {
					3ADB7BED3061659B0055E1C7 = {
						CreatedOnToolsVersion = 27.0;
					};
					3ADB7BFA3061659D0055E1C7 = {
						CreatedOnToolsVersion = 27.0;
						TestTargetID = 3ADB7BED3061659B0055E1C7;
					};
					3ADB7C043061659D0055E1C7 = {
						CreatedOnToolsVersion = 27.0;
						TestTargetID = 3ADB7BED3061659B0055E1C7;
					};
				};
			};
			buildConfigurationList = 3ADB7BE93061659B0055E1C7 /* Build configuration list for PBXProject "Notate" */;
			developmentRegion = en;
			hasScannedForEncodings = 0;
			knownRegions = (
				en,
				Base,
			);
			mainGroup = 3ADB7BE53061659B0055E1C7;
			minimizedProjectReferenceProxies = 1;
			preferredProjectObjectVersion = 77;
			productRefGroup = 3ADB7BEF3061659B0055E1C7 /* Products */;
			projectDirPath = "";
			projectRoot = "";
			targets = (
				3ADB7BED3061659B0055E1C7 /* Notate */,
				3ADB7BFA3061659D0055E1C7 /* NotateTests */,
				3ADB7C043061659D0055E1C7 /* NotateUITests */,
			);
		};
/* End PBXProject section */

/* Begin PBXResourcesBuildPhase section */
		3ADB7BEC3061659B0055E1C7 /* Resources */ = {
			isa = PBXResourcesBuildPhase;
			files = (
			);
		};
		3ADB7BF93061659D0055E1C7 /* Resources */ = {
			isa = PBXResourcesBuildPhase;
			files = (
			);
		};
		3ADB7C033061659D0055E1C7 /* Resources */ = {
			isa = PBXResourcesBuildPhase;
			files = (
			);
		};
/* End PBXResourcesBuildPhase section */

/* Begin PBXSourcesBuildPhase section */
		3ADB7BEA3061659B0055E1C7 /* Sources */ = {
			isa = PBXSourcesBuildPhase;
			files = (
			);
		};
		3ADB7BF73061659D0055E1C7 /* Sources */ = {
			isa = PBXSourcesBuildPhase;
			files = (
			);
		};
		3ADB7C013061659D0055E1C7 /* Sources */ = {
			isa = PBXSourcesBuildPhase;
			files = (
			);
		};
/* End PBXSourcesBuildPhase section */

/* Begin PBXTargetDependency section */
		3ADB7BFD3061659D0055E1C7 /* PBXTargetDependency */ = {
			isa = PBXTargetDependency;
			target = 3ADB7BED3061659B0055E1C7 /* Notate */;
			targetProxy = 3ADB7BFC3061659D0055E1C7 /* PBXContainerItemProxy */;
		};
		3ADB7C073061659D0055E1C7 /* PBXTargetDependency */ = {
			isa = PBXTargetDependency;
			target = 3ADB7BED3061659B0055E1C7 /* Notate */;
			targetProxy = 3ADB7C063061659D0055E1C7 /* PBXContainerItemProxy */;
		};
/* End PBXTargetDependency section */

/* Begin XCBuildConfiguration section */
		3ADB7C0B3061659D0055E1C7 /* Debug configuration for PBXProject "Notate" */ = {
			isa = XCBuildConfiguration;
			buildSettings = {
				ALWAYS_SEARCH_USER_PATHS = NO;
				ASSETCATALOG_COMPILER_GENERATE_SWIFT_ASSET_SYMBOL_EXTENSIONS = YES;
				CLANG_ANALYZER_NONNULL = YES;
				CLANG_ANALYZER_NUMBER_OBJECT_CONVERSION = YES_AGGRESSIVE;
				CLANG_CXX_LANGUAGE_STANDARD = "gnu++20";
				CLANG_ENABLE_MODULES = YES;
				CLANG_ENABLE_OBJC_ARC = YES;
				CLANG_ENABLE_OBJC_WEAK = YES;
				CLANG_WARN_BLOCK_CAPTURE_AUTORELEASING = YES;
				CLANG_WARN_BOOL_CONVERSION = YES;
				CLANG_WARN_COMMA = YES;
				CLANG_WARN_CONSTANT_CONVERSION = YES;
				CLANG_WARN_DEPRECATED_OBJC_IMPLEMENTATIONS = YES;
				CLANG_WARN_DIRECT_OBJC_ISA_USAGE = YES_ERROR;
				CLANG_WARN_DOCUMENTATION_COMMENTS = YES;
				CLANG_WARN_EMPTY_BODY = YES;
				CLANG_WARN_ENUM_CONVERSION = YES;
				CLANG_WARN_INFINITE_RECURSION = YES;
				CLANG_WARN_INT_CONVERSION = YES;
				CLANG_WARN_NON_LITERAL_NULL_CONVERSION = YES;
				CLANG_WARN_OBJC_IMPLICIT_RETAIN_SELF = YES;
				CLANG_WARN_OBJC_LITERAL_CONVERSION = YES;
				CLANG_WARN_OBJC_ROOT_CLASS = YES_ERROR;
				CLANG_WARN_QUOTED_INCLUDE_IN_FRAMEWORK_HEADER = YES;
				CLANG_WARN_RANGE_LOOP_ANALYSIS = YES;
				CLANG_WARN_STRICT_PROTOTYPES = YES;
				CLANG_WARN_SUSPICIOUS_MOVE = YES;
				CLANG_WARN_UNGUARDED_AVAILABILITY = YES_AGGRESSIVE;
				CLANG_WARN_UNREACHABLE_CODE = YES;
				CLANG_WARN__DUPLICATE_METHOD_MATCH = YES;
				COPY_PHASE_STRIP = NO;
				DEBUG_INFORMATION_FORMAT = dwarf;
				DEVELOPMENT_TEAM = ZCUVL6ZSX2;
				ENABLE_STRICT_OBJC_MSGSEND = YES;
				ENABLE_TESTABILITY = YES;
				ENABLE_USER_SCRIPT_SANDBOXING = YES;
				GCC_C_LANGUAGE_STANDARD = gnu17;
				GCC_DYNAMIC_NO_PIC = NO;
				GCC_NO_COMMON_BLOCKS = YES;
				GCC_OPTIMIZATION_LEVEL = 0;
				GCC_PREPROCESSOR_DEFINITIONS = (
					"DEBUG=1",
					"$(inherited)",
				);
				GCC_WARN_64_TO_32_BIT_CONVERSION = YES;
				GCC_WARN_ABOUT_RETURN_TYPE = YES_ERROR;
				GCC_WARN_UNDECLARED_SELECTOR = YES;
				GCC_WARN_UNINITIALIZED_AUTOS = YES_AGGRESSIVE;
				GCC_WARN_UNUSED_FUNCTION = YES;
				GCC_WARN_UNUSED_VARIABLE = YES;
				IPHONEOS_DEPLOYMENT_TARGET = 26.0;
				LOCALIZATION_PREFERS_STRING_CATALOGS = YES;
				MTL_ENABLE_DEBUG_INFO = INCLUDE_SOURCE;
				MTL_FAST_MATH = YES;
				ONLY_ACTIVE_ARCH = YES;
				SDKROOT = iphoneos;
				SWIFT_ACTIVE_COMPILATION_CONDITIONS = "DEBUG $(inherited)";
				SWIFT_OPTIMIZATION_LEVEL = "-Onone";
			};
			name = Debug;
		};
		3ADB7C0C3061659D0055E1C7 /* Release configuration for PBXProject "Notate" */ = {
			isa = XCBuildConfiguration;
			buildSettings = {
				ALWAYS_SEARCH_USER_PATHS = NO;
				ASSETCATALOG_COMPILER_GENERATE_SWIFT_ASSET_SYMBOL_EXTENSIONS = YES;
				CLANG_ANALYZER_NONNULL = YES;
				CLANG_ANALYZER_NUMBER_OBJECT_CONVERSION = YES_AGGRESSIVE;
				CLANG_CXX_LANGUAGE_STANDARD = "gnu++20";
				CLANG_ENABLE_MODULES = YES;
				CLANG_ENABLE_OBJC_ARC = YES;
				CLANG_ENABLE_OBJC_WEAK = YES;
				CLANG_WARN_BLOCK_CAPTURE_AUTORELEASING = YES;
				CLANG_WARN_BOOL_CONVERSION = YES;
				CLANG_WARN_COMMA = YES;
				CLANG_WARN_CONSTANT_CONVERSION = YES;
				CLANG_WARN_DEPRECATED_OBJC_IMPLEMENTATIONS = YES;
				CLANG_WARN_DIRECT_OBJC_ISA_USAGE = YES_ERROR;
				CLANG_WARN_DOCUMENTATION_COMMENTS = YES;
				CLANG_WARN_EMPTY_BODY = YES;
				CLANG_WARN_ENUM_CONVERSION = YES;
				CLANG_WARN_INFINITE_RECURSION = YES;
				CLANG_WARN_INT_CONVERSION = YES;
				CLANG_WARN_NON_LITERAL_NULL_CONVERSION = YES;
				CLANG_WARN_OBJC_IMPLICIT_RETAIN_SELF = YES;
				CLANG_WARN_OBJC_LITERAL_CONVERSION = YES;
				CLANG_WARN_OBJC_ROOT_CLASS = YES_ERROR;
				CLANG_WARN_QUOTED_INCLUDE_IN_FRAMEWORK_HEADER = YES;
				CLANG_WARN_RANGE_LOOP_ANALYSIS = YES;
				CLANG_WARN_STRICT_PROTOTYPES = YES;
				CLANG_WARN_SUSPICIOUS_MOVE = YES;
				CLANG_WARN_UNGUARDED_AVAILABILITY = YES_AGGRESSIVE;
				CLANG_WARN_UNREACHABLE_CODE = YES;
				CLANG_WARN__DUPLICATE_METHOD_MATCH = YES;
				COPY_PHASE_STRIP = NO;
				DEBUG_INFORMATION_FORMAT = "dwarf-with-dsym";
				DEVELOPMENT_TEAM = ZCUVL6ZSX2;
				ENABLE_NS_ASSERTIONS = NO;
				ENABLE_STRICT_OBJC_MSGSEND = YES;
				ENABLE_USER_SCRIPT_SANDBOXING = YES;
				GCC_C_LANGUAGE_STANDARD = gnu17;
				GCC_NO_COMMON_BLOCKS = YES;
				GCC_WARN_64_TO_32_BIT_CONVERSION = YES;
				GCC_WARN_ABOUT_RETURN_TYPE = YES_ERROR;
				GCC_WARN_UNDECLARED_SELECTOR = YES;
				GCC_WARN_UNINITIALIZED_AUTOS = YES_AGGRESSIVE;
				GCC_WARN_UNUSED_FUNCTION = YES;
				GCC_WARN_UNUSED_VARIABLE = YES;
				IPHONEOS_DEPLOYMENT_TARGET = 26.0;
				LOCALIZATION_PREFERS_STRING_CATALOGS = YES;
				MTL_ENABLE_DEBUG_INFO = NO;
				MTL_FAST_MATH = YES;
				SDKROOT = iphoneos;
				SWIFT_COMPILATION_MODE = wholemodule;
				VALIDATE_PRODUCT = YES;
			};
			name = Release;
		};
		3ADB7C0E3061659D0055E1C7 /* Debug configuration for PBXNativeTarget "Notate" */ = {
			isa = XCBuildConfiguration;
			buildSettings = {
				ASSETCATALOG_COMPILER_APPICON_NAME = AppIcon;
				ASSETCATALOG_COMPILER_GLOBAL_ACCENT_COLOR_NAME = AccentColor;
				CODE_SIGN_STYLE = Automatic;
				CURRENT_PROJECT_VERSION = 1;
				DEVELOPMENT_TEAM = ZCUVL6ZSX2;
				ENABLE_PREVIEWS = YES;
				GENERATE_INFOPLIST_FILE = YES;
				INFOPLIST_KEY_UIApplicationSceneManifest_Generation = YES;
				INFOPLIST_KEY_UIApplicationSupportsIndirectInputEvents = YES;
				INFOPLIST_KEY_UILaunchScreen_Generation = YES;
				INFOPLIST_KEY_UISupportedInterfaceOrientations_iPad = "UIInterfaceOrientationPortrait UIInterfaceOrientationPortraitUpsideDown UIInterfaceOrientationLandscapeLeft UIInterfaceOrientationLandscapeRight";
				INFOPLIST_KEY_UISupportedInterfaceOrientations_iPhone = "UIInterfaceOrientationPortrait UIInterfaceOrientationLandscapeLeft UIInterfaceOrientationLandscapeRight";
				LD_RUNPATH_SEARCH_PATHS = (
					"$(inherited)",
					"@executable_path/Frameworks",
				);
				MARKETING_VERSION = 1.0;
				PRODUCT_BUNDLE_IDENTIFIER = com.akshatsrivastava.notate.Notate;
				PRODUCT_NAME = "$(TARGET_NAME)";
				STRING_CATALOG_GENERATE_SYMBOLS = YES;
				SWIFT_APPROACHABLE_CONCURRENCY = YES;
				SWIFT_DEFAULT_ACTOR_ISOLATION = MainActor;
				SWIFT_EMIT_LOC_STRINGS = YES;
				SWIFT_UPCOMING_FEATURE_MEMBER_IMPORT_VISIBILITY = YES;
				SWIFT_VERSION = 5.0;
				TARGETED_DEVICE_FAMILY = "1,2";
			};
			name = Debug;
		};
		3ADB7C0F3061659D0055E1C7 /* Release configuration for PBXNativeTarget "Notate" */ = {
			isa = XCBuildConfiguration;
			buildSettings = {
				ASSETCATALOG_COMPILER_APPICON_NAME = AppIcon;
				ASSETCATALOG_COMPILER_GLOBAL_ACCENT_COLOR_NAME = AccentColor;
				CODE_SIGN_STYLE = Automatic;
				CURRENT_PROJECT_VERSION = 1;
				DEVELOPMENT_TEAM = ZCUVL6ZSX2;
				ENABLE_PREVIEWS = YES;
				GENERATE_INFOPLIST_FILE = YES;
				INFOPLIST_KEY_UIApplicationSceneManifest_Generation = YES;
				INFOPLIST_KEY_UIApplicationSupportsIndirectInputEvents = YES;
				INFOPLIST_KEY_UILaunchScreen_Generation = YES;
				INFOPLIST_KEY_UISupportedInterfaceOrientations_iPad = "UIInterfaceOrientationPortrait UIInterfaceOrientationPortraitUpsideDown UIInterfaceOrientationLandscapeLeft UIInterfaceOrientationLandscapeRight";
				INFOPLIST_KEY_UISupportedInterfaceOrientations_iPhone = "UIInterfaceOrientationPortrait UIInterfaceOrientationLandscapeLeft UIInterfaceOrientationLandscapeRight";
				LD_RUNPATH_SEARCH_PATHS = (
					"$(inherited)",
					"@executable_path/Frameworks",
				);
				MARKETING_VERSION = 1.0;
				PRODUCT_BUNDLE_IDENTIFIER = com.akshatsrivastava.notate.Notate;
				PRODUCT_NAME = "$(TARGET_NAME)";
				STRING_CATALOG_GENERATE_SYMBOLS = YES;
				SWIFT_APPROACHABLE_CONCURRENCY = YES;
				SWIFT_DEFAULT_ACTOR_ISOLATION = MainActor;
				SWIFT_EMIT_LOC_STRINGS = YES;
				SWIFT_UPCOMING_FEATURE_MEMBER_IMPORT_VISIBILITY = YES;
				SWIFT_VERSION = 5.0;
				TARGETED_DEVICE_FAMILY = "1,2";
			};
			name = Release;
		};
		3ADB7C113061659D0055E1C7 /* Debug configuration for PBXNativeTarget "NotateTests" */ = {
			isa = XCBuildConfiguration;
			buildSettings = {
				BUNDLE_LOADER = "$(TEST_HOST)";
				CODE_SIGN_STYLE = Automatic;
				CURRENT_PROJECT_VERSION = 1;
				DEVELOPMENT_TEAM = ZCUVL6ZSX2;
				GENERATE_INFOPLIST_FILE = YES;
				IPHONEOS_DEPLOYMENT_TARGET = 26.0;
				MARKETING_VERSION = 1.0;
				PRODUCT_BUNDLE_IDENTIFIER = com.akshatsrivastava.notate.NotateTests;
				PRODUCT_NAME = "$(TARGET_NAME)";
				STRING_CATALOG_GENERATE_SYMBOLS = NO;
				SWIFT_APPROACHABLE_CONCURRENCY = YES;
				SWIFT_EMIT_LOC_STRINGS = NO;
				SWIFT_UPCOMING_FEATURE_MEMBER_IMPORT_VISIBILITY = YES;
				SWIFT_VERSION = 5.0;
				TARGETED_DEVICE_FAMILY = "1,2";
				TEST_HOST = "$(BUILT_PRODUCTS_DIR)/Notate.app/$(BUNDLE_EXECUTABLE_FOLDER_PATH)/Notate";
			};
			name = Debug;
		};
		3ADB7C123061659D0055E1C7 /* Release configuration for PBXNativeTarget "NotateTests" */ = {
			isa = XCBuildConfiguration;
			buildSettings = {
				BUNDLE_LOADER = "$(TEST_HOST)";
				CODE_SIGN_STYLE = Automatic;
				CURRENT_PROJECT_VERSION = 1;
				DEVELOPMENT_TEAM = ZCUVL6ZSX2;
				GENERATE_INFOPLIST_FILE = YES;
				IPHONEOS_DEPLOYMENT_TARGET = 26.0;
				MARKETING_VERSION = 1.0;
				PRODUCT_BUNDLE_IDENTIFIER = com.akshatsrivastava.notate.NotateTests;
				PRODUCT_NAME = "$(TARGET_NAME)";
				STRING_CATALOG_GENERATE_SYMBOLS = NO;
				SWIFT_APPROACHABLE_CONCURRENCY = YES;
				SWIFT_EMIT_LOC_STRINGS = NO;
				SWIFT_UPCOMING_FEATURE_MEMBER_IMPORT_VISIBILITY = YES;
				SWIFT_VERSION = 5.0;
				TARGETED_DEVICE_FAMILY = "1,2";
				TEST_HOST = "$(BUILT_PRODUCTS_DIR)/Notate.app/$(BUNDLE_EXECUTABLE_FOLDER_PATH)/Notate";
			};
			name = Release;
		};
		3ADB7C143061659D0055E1C7 /* Debug configuration for PBXNativeTarget "NotateUITests" */ = {
			isa = XCBuildConfiguration;
			buildSettings = {
				CODE_SIGN_STYLE = Automatic;
				CURRENT_PROJECT_VERSION = 1;
				DEVELOPMENT_TEAM = ZCUVL6ZSX2;
				GENERATE_INFOPLIST_FILE = YES;
				MARKETING_VERSION = 1.0;
				PRODUCT_BUNDLE_IDENTIFIER = com.akshatsrivastava.notate.NotateUITests;
				PRODUCT_NAME = "$(TARGET_NAME)";
				STRING_CATALOG_GENERATE_SYMBOLS = NO;
				SWIFT_APPROACHABLE_CONCURRENCY = YES;
				SWIFT_EMIT_LOC_STRINGS = NO;
				SWIFT_UPCOMING_FEATURE_MEMBER_IMPORT_VISIBILITY = YES;
				SWIFT_VERSION = 5.0;
				TARGETED_DEVICE_FAMILY = "1,2";
				TEST_TARGET_NAME = Notate;
			};
			name = Debug;
		};
		3ADB7C153061659D0055E1C7 /* Release configuration for PBXNativeTarget "NotateUITests" */ = {
			isa = XCBuildConfiguration;
			buildSettings = {
				CODE_SIGN_STYLE = Automatic;
				CURRENT_PROJECT_VERSION = 1;
				DEVELOPMENT_TEAM = ZCUVL6ZSX2;
				GENERATE_INFOPLIST_FILE = YES;
				MARKETING_VERSION = 1.0;
				PRODUCT_BUNDLE_IDENTIFIER = com.akshatsrivastava.notate.NotateUITests;
				PRODUCT_NAME = "$(TARGET_NAME)";
				STRING_CATALOG_GENERATE_SYMBOLS = NO;
				SWIFT_APPROACHABLE_CONCURRENCY = YES;
				SWIFT_EMIT_LOC_STRINGS = NO;
				SWIFT_UPCOMING_FEATURE_MEMBER_IMPORT_VISIBILITY = YES;
				SWIFT_VERSION = 5.0;
				TARGETED_DEVICE_FAMILY = "1,2";
				TEST_TARGET_NAME = Notate;
			};
			name = Release;
		};
/* End XCBuildConfiguration section */

/* Begin XCConfigurationList section */
		3ADB7BE93061659B0055E1C7 /* Build configuration list for PBXProject "Notate" */ = {
			isa = XCConfigurationList;
			buildConfigurations = (
				3ADB7C0B3061659D0055E1C7 /* Debug configuration for PBXProject "Notate" */,
				3ADB7C0C3061659D0055E1C7 /* Release configuration for PBXProject "Notate" */,
			);
			defaultConfigurationName = Release;
		};
		3ADB7C0D3061659D0055E1C7 /* Build configuration list for PBXNativeTarget "Notate" */ = {
			isa = XCConfigurationList;
			buildConfigurations = (
				3ADB7C0E3061659D0055E1C7 /* Debug configuration for PBXNativeTarget "Notate" */,
				3ADB7C0F3061659D0055E1C7 /* Release configuration for PBXNativeTarget "Notate" */,
			);
			defaultConfigurationName = Release;
		};
		3ADB7C103061659D0055E1C7 /* Build configuration list for PBXNativeTarget "NotateTests" */ = {
			isa = XCConfigurationList;
			buildConfigurations = (
				3ADB7C113061659D0055E1C7 /* Debug configuration for PBXNativeTarget "NotateTests" */,
				3ADB7C123061659D0055E1C7 /* Release configuration for PBXNativeTarget "NotateTests" */,
			);
			defaultConfigurationName = Release;
		};
		3ADB7C133061659D0055E1C7 /* Build configuration list for PBXNativeTarget "NotateUITests" */ = {
			isa = XCConfigurationList;
			buildConfigurations = (
				3ADB7C143061659D0055E1C7 /* Debug configuration for PBXNativeTarget "NotateUITests" */,
				3ADB7C153061659D0055E1C7 /* Release configuration for PBXNativeTarget "NotateUITests" */,
			);
			defaultConfigurationName = Release;
		};
/* End XCConfigurationList section */
	};
	rootObject = 3ADB7BE63061659B0055E1C7 /* Project object */;
	validationLevel = 1;
}
